
Microsoft Visual Studio Solution File, Format Version 12.00
Project("{FAE04EC0-301F-11D3-BF4B-00C04F79EFBC}") = "PictureViewerr", "PictureViewerr\PictureViewerr.csproj", "{0C5EFF9C-7DCA-4867-813A-FF9B8C629965}"
EndProject
Global
	GlobalSection(SolutionConfigurationPlatforms) = preSolution
		Debug|Any CPU = Debug|Any CPU
		Release|Any CPU = Release|Any CPU
	EndGlobalSection
	GlobalSection(ProjectConfigurationPlatforms) = postSolution
		{0C5EFF9C-7DCA-4867-813A-FF9B8C629965}.Debug|Any CPU.ActiveCfg = Debug|Any CPU
		{0C5EFF9C-7DCA-4867-813A-FF9B8C629965}.Debug|Any CPU.Build.0 = Debug|Any CPU
		{0C5EFF9C-7DCA-4867-813A-FF9B8C629965}.Release|Any CPU.ActiveCfg = Release|Any CPU
		{0C5EFF9C-7DCA-4867-813A-FF9B8C629965}.Release|Any CPU.Build.0 = Release|Any CPU
	EndGlobalSection
EndGlobal
