
Microsoft Visual Studio Solution File, Format Version 12.00
# Visual Studio Version 17
VisualStudioVersion = 17.5.33424.131
MinimumVisualStudioVersion = 10.0.40219.1
Project("{FAE04EC0-301F-11D3-BF4B-00C04F79EFBC}") = "LatvijasPasts", "LatvijasPasts.csproj", "{74439953-612F-4EC3-BC78-B025C00A2A21}"
EndProject
Project("{FAE04EC0-301F-11D3-BF4B-00C04F79EFBC}") = "DataLibrary", "..\DataLibrary\DataLibrary.csproj", "{9D849E3B-B433-4A12-8937-788B3EDD82CD}"
EndProject
Project("{00D1A9C2-B5F0-4AF3-8072-F6C62B433612}") = "CVDB", "..\CVDB\CVDB.sqlproj", "{7F05D17D-E952-4788-A2A5-3B6BA42B30B9}"
EndProject
Global
	GlobalSection(SolutionConfigurationPlatforms) = preSolution
		Debug|Any CPU = Debug|Any CPU
		Release|Any CPU = Release|Any CPU
	EndGlobalSection
	GlobalSection(ProjectConfigurationPlatforms) = postSolution
		{74439953-612F-4EC3-BC78-B025C00A2A21}.Debug|Any CPU.ActiveCfg = Debug|Any CPU
		{74439953-612F-4EC3-BC78-B025C00A2A21}.Debug|Any CPU.Build.0 = Debug|Any CPU
		{74439953-612F-4EC3-BC78-B025C00A2A21}.Release|Any CPU.ActiveCfg = Release|Any CPU
		{74439953-612F-4EC3-BC78-B025C00A2A21}.Release|Any CPU.Build.0 = Release|Any CPU
		{9D849E3B-B433-4A12-8937-788B3EDD82CD}.Debug|Any CPU.ActiveCfg = Debug|Any CPU
		{9D849E3B-B433-4A12-8937-788B3EDD82CD}.Debug|Any CPU.Build.0 = Debug|Any CPU
		{9D849E3B-B433-4A12-8937-788B3EDD82CD}.Release|Any CPU.ActiveCfg = Release|Any CPU
		{9D849E3B-B433-4A12-8937-788B3EDD82CD}.Release|Any CPU.Build.0 = Release|Any CPU
		{7F05D17D-E952-4788-A2A5-3B6BA42B30B9}.Debug|Any CPU.ActiveCfg = Debug|Any CPU
		{7F05D17D-E952-4788-A2A5-3B6BA42B30B9}.Debug|Any CPU.Build.0 = Debug|Any CPU
		{7F05D17D-E952-4788-A2A5-3B6BA42B30B9}.Debug|Any CPU.Deploy.0 = Debug|Any CPU
		{7F05D17D-E952-4788-A2A5-3B6BA42B30B9}.Release|Any CPU.ActiveCfg = Release|Any CPU
		{7F05D17D-E952-4788-A2A5-3B6BA42B30B9}.Release|Any CPU.Build.0 = Release|Any CPU
		{7F05D17D-E952-4788-A2A5-3B6BA42B30B9}.Release|Any CPU.Deploy.0 = Release|Any CPU
	EndGlobalSection
	GlobalSection(SolutionProperties) = preSolution
		HideSolutionNode = FALSE
	EndGlobalSection
	GlobalSection(ExtensibilityGlobals) = postSolution
		SolutionGuid = {787CF206-695D-4E73-B997-A3D97959133E}
	EndGlobalSection
EndGlobal
