
Microsoft Visual Studio Solution File, Format Version 12.00
Project("{FAE04EC0-301F-11D3-BF4B-00C04F79EFBC}") = "SunFinanceApi", "SunFinanceApi\SunFinanceApi.csproj", "{0E3D5C7E-DED3-4E1A-98CD-4668F9612B7B}"
EndProject
Global
	GlobalSection(SolutionConfigurationPlatforms) = preSolution
		Debug|Any CPU = Debug|Any CPU
		Release|Any CPU = Release|Any CPU
	EndGlobalSection
	GlobalSection(ProjectConfigurationPlatforms) = postSolution
		{0E3D5C7E-DED3-4E1A-98CD-4668F9612B7B}.Debug|Any CPU.ActiveCfg = Debug|Any CPU
		{0E3D5C7E-DED3-4E1A-98CD-4668F9612B7B}.Debug|Any CPU.Build.0 = Debug|Any CPU
		{0E3D5C7E-DED3-4E1A-98CD-4668F9612B7B}.Release|Any CPU.ActiveCfg = Release|Any CPU
		{0E3D5C7E-DED3-4E1A-98CD-4668F9612B7B}.Release|Any CPU.Build.0 = Release|Any CPU
	EndGlobalSection
EndGlobal
